// !$*UTF8*$!
{
	archiveVersion = 1;
	classes = {
	};
	objectVersion = 46;
	objects = {

/* Begin PBXBuildFile section */
		F249B3DE1A5EDFC4001303FB /* main.m in Sources */ = {isa = PBXBuildFile; fileRef = F249B3DD1A5EDFC4001303FB /* main.m */; };
		F249B3E11A5EDFC4001303FB /* AppDelegate.m in Sources */ = {isa = PBXBuildFile; fileRef = F249B3E01A5EDFC4001303FB /* AppDelegate.m */; };
		F249B3E71A5EDFC4001303FB /* Main.storyboard in Resources */ = {isa = PBXBuildFile; fileRef = F249B3E51A5EDFC4001303FB /* Main.storyboard */; };
		F249B3E91A5EDFC4001303FB /* Images.xcassets in Resources */ = {isa = PBXBuildFile; fileRef = F249B3E81A5EDFC4001303FB /* Images.xcassets */; };
		F249B3EC1A5EDFC4001303FB /* LaunchScreen.xib in Resources */ = {isa = PBXBuildFile; fileRef = F249B3EA1A5EDFC4001303FB /* LaunchScreen.xib */; };
		F249B3F81A5EDFC4001303FB /* ELYCampingTests.m in Sources */ = {isa = PBXBuildFile; fileRef = F249B3F71A5EDFC4001303FB /* ELYCampingTests.m */; };
		F249B4061A5EF399001303FB /* ELYLoginViewController.m in Sources */ = {isa = PBXBuildFile; fileRef = F249B4041A5EF399001303FB /* ELYLoginViewController.m */; };
		F249B4071A5EF399001303FB /* ELYLoginViewController.xib in Resources */ = {isa = PBXBuildFile; fileRef = F249B4051A5EF399001303FB /* ELYLoginViewController.xib */; };
		F249B40B1A5EF3B2001303FB /* ELYRegisterViewController.m in Sources */ = {isa = PBXBuildFile; fileRef = F249B4091A5EF3B2001303FB /* ELYRegisterViewController.m */; };
		F249B40C1A5EF3B2001303FB /* ELYRegisterViewController.xib in Resources */ = {isa = PBXBuildFile; fileRef = F249B40A1A5EF3B2001303FB /* ELYRegisterViewController.xib */; };
		F249B40F1A5EF3C7001303FB /* ELYIndexViewController.m in Sources */ = {isa = PBXBuildFile; fileRef = F249B40E1A5EF3C7001303FB /* ELYIndexViewController.m */; };
		F249B43E1A5F0559001303FB /* ELYMainTabBarController.m in Sources */ = {isa = PBXBuildFile; fileRef = F249B43C1A5F0559001303FB /* ELYMainTabBarController.m */; };
		F249B43F1A5F0559001303FB /* ELYMainTabBarController.xib in Resources */ = {isa = PBXBuildFile; fileRef = F249B43D1A5F0559001303FB /* ELYMainTabBarController.xib */; };
		F249B44D1A5F061A001303FB /* ELYActivityViewController.m in Sources */ = {isa = PBXBuildFile; fileRef = F249B44B1A5F061A001303FB /* ELYActivityViewController.m */; };
		F249B44E1A5F061A001303FB /* ELYActivityViewController.xib in Resources */ = {isa = PBXBuildFile; fileRef = F249B44C1A5F061A001303FB /* ELYActivityViewController.xib */; };
		F249B4521A5F088F001303FB /* ELYCampsiteViewController.m in Sources */ = {isa = PBXBuildFile; fileRef = F249B4501A5F088F001303FB /* ELYCampsiteViewController.m */; };
		F249B4531A5F088F001303FB /* ELYCampsiteViewController.xib in Resources */ = {isa = PBXBuildFile; fileRef = F249B4511A5F088F001303FB /* ELYCampsiteViewController.xib */; };
		F249B4571A5F08E2001303FB /* ELYCustomViewController.m in Sources */ = {isa = PBXBuildFile; fileRef = F249B4551A5F08E2001303FB /* ELYCustomViewController.m */; };
		F249B4581A5F08E2001303FB /* ELYCustomViewController.xib in Resources */ = {isa = PBXBuildFile; fileRef = F249B4561A5F08E2001303FB /* ELYCustomViewController.xib */; };
		F249B45C1A5F090F001303FB /* ELYUserInfoViewController.m in Sources */ = {isa = PBXBuildFile; fileRef = F249B45A1A5F090F001303FB /* ELYUserInfoViewController.m */; };
		F249B45D1A5F090F001303FB /* ELYUserInfoViewController.xib in Resources */ = {isa = PBXBuildFile; fileRef = F249B45B1A5F090F001303FB /* ELYUserInfoViewController.xib */; };
		F249B4601A5F0C83001303FB /* ELYUserInfo.m in Sources */ = {isa = PBXBuildFile; fileRef = F249B45F1A5F0C83001303FB /* ELYUserInfo.m */; };
		F249B4671A603FDF001303FB /* ExtensionButtom.m in Sources */ = {isa = PBXBuildFile; fileRef = F249B4661A603FDF001303FB /* ExtensionButtom.m */; };
		F249B46D1A617FF7001303FB /* ELYCampsiteViewCell.m in Sources */ = {isa = PBXBuildFile; fileRef = F249B46B1A617FF7001303FB /* ELYCampsiteViewCell.m */; };
		F249B46E1A617FF7001303FB /* ELYCampsiteViewCell.xib in Resources */ = {isa = PBXBuildFile; fileRef = F249B46C1A617FF7001303FB /* ELYCampsiteViewCell.xib */; };
		F249B4721A618029001303FB /* ELYActivityViewCell.m in Sources */ = {isa = PBXBuildFile; fileRef = F249B4701A618029001303FB /* ELYActivityViewCell.m */; };
		F249B4731A618029001303FB /* ELYActivityViewCell.xib in Resources */ = {isa = PBXBuildFile; fileRef = F249B4711A618029001303FB /* ELYActivityViewCell.xib */; };
		F249B4761A62334B001303FB /* EScrollerView.m in Sources */ = {isa = PBXBuildFile; fileRef = F249B4751A62334B001303FB /* EScrollerView.m */; settings = {COMPILER_FLAGS = "-fno-objc-arc"; }; };
		F249B47F1A627343001303FB /* ELYCampsiteInfoViewController.m in Sources */ = {isa = PBXBuildFile; fileRef = F249B47D1A627343001303FB /* ELYCampsiteInfoViewController.m */; };
		F249B4801A627343001303FB /* ELYCampsiteInfoViewController.xib in Resources */ = {isa = PBXBuildFile; fileRef = F249B47E1A627343001303FB /* ELYCampsiteInfoViewController.xib */; };
		F249B4841A62742C001303FB /* ELYCampsiteReserveViewController.m in Sources */ = {isa = PBXBuildFile; fileRef = F249B4821A62742C001303FB /* ELYCampsiteReserveViewController.m */; };
		F249B4851A62742C001303FB /* ELYCampsiteReserveViewController.xib in Resources */ = {isa = PBXBuildFile; fileRef = F249B4831A62742C001303FB /* ELYCampsiteReserveViewController.xib */; };
		F249B4891A62751E001303FB /* ELYActivityInfoViewController.m in Sources */ = {isa = PBXBuildFile; fileRef = F249B4871A62751E001303FB /* ELYActivityInfoViewController.m */; };
		F249B48A1A62751E001303FB /* ELYActivityInfoViewController.xib in Resources */ = {isa = PBXBuildFile; fileRef = F249B4881A62751E001303FB /* ELYActivityInfoViewController.xib */; };
		F249B48F1A627669001303FB /* ELYCustomInfoViewController.m in Sources */ = {isa = PBXBuildFile; fileRef = F249B48D1A627669001303FB /* ELYCustomInfoViewController.m */; };
		F249B4901A627669001303FB /* ELYCustomInfoViewController.xib in Resources */ = {isa = PBXBuildFile; fileRef = F249B48E1A627669001303FB /* ELYCustomInfoViewController.xib */; };
		F249B4941A6276EC001303FB /* ELYMyFavoritesViewController.m in Sources */ = {isa = PBXBuildFile; fileRef = F249B4921A6276EC001303FB /* ELYMyFavoritesViewController.m */; };
		F249B4951A6276EC001303FB /* ELYMyFavoritesViewController.xib in Resources */ = {isa = PBXBuildFile; fileRef = F249B4931A6276EC001303FB /* ELYMyFavoritesViewController.xib */; };
		F249B4991A62770D001303FB /* ELYMessageListViewController.m in Sources */ = {isa = PBXBuildFile; fileRef = F249B4971A62770D001303FB /* ELYMessageListViewController.m */; };
		F249B49A1A62770D001303FB /* ELYMessageListViewController.xib in Resources */ = {isa = PBXBuildFile; fileRef = F249B4981A62770D001303FB /* ELYMessageListViewController.xib */; };
		F249B49E1A62776B001303FB /* ELYUserInfoDetailViewController.m in Sources */ = {isa = PBXBuildFile; fileRef = F249B49C1A62776B001303FB /* ELYUserInfoDetailViewController.m */; };
		F249B49F1A62776B001303FB /* ELYUserInfoDetailViewController.xib in Resources */ = {isa = PBXBuildFile; fileRef = F249B49D1A62776B001303FB /* ELYUserInfoDetailViewController.xib */; };
		F249B4A31A6277CD001303FB /* ELYUserInfoEditViewController.m in Sources */ = {isa = PBXBuildFile; fileRef = F249B4A11A6277CD001303FB /* ELYUserInfoEditViewController.m */; };
		F249B4A41A6277CD001303FB /* ELYUserInfoEditViewController.xib in Resources */ = {isa = PBXBuildFile; fileRef = F249B4A21A6277CD001303FB /* ELYUserInfoEditViewController.xib */; };
		F249B4A81A6278AA001303FB /* ELYActivityReserveViewController.m in Sources */ = {isa = PBXBuildFile; fileRef = F249B4A61A6278AA001303FB /* ELYActivityReserveViewController.m */; };
		F249B4A91A6278AA001303FB /* ELYActivityReserveViewController.xib in Resources */ = {isa = PBXBuildFile; fileRef = F249B4A71A6278AA001303FB /* ELYActivityReserveViewController.xib */; };
		F249B4AD1A627CC8001303FB /* ELYOrderListViewController.m in Sources */ = {isa = PBXBuildFile; fileRef = F249B4AB1A627CC8001303FB /* ELYOrderListViewController.m */; };
		F249B4AE1A627CC8001303FB /* ELYOrderListViewController.xib in Resources */ = {isa = PBXBuildFile; fileRef = F249B4AC1A627CC8001303FB /* ELYOrderListViewController.xib */; };
		F29EE7E21A66D48E0075A306 /* ELYCampsiteReserveViewHeader.m in Sources */ = {isa = PBXBuildFile; fileRef = F29EE7E11A66D48E0075A306 /* ELYCampsiteReserveViewHeader.m */; };
		F29EE7E41A66D4A10075A306 /* ELYCampsiteReserveViewHeader.xib in Resources */ = {isa = PBXBuildFile; fileRef = F29EE7E31A66D4A10075A306 /* ELYCampsiteReserveViewHeader.xib */; };
		F2C545BF1A6423F000116B38 /* ELYMessageTableHeader.m in Sources */ = {isa = PBXBuildFile; fileRef = F2C545BE1A6423F000116B38 /* ELYMessageTableHeader.m */; };
		F2C545C21A642AB400116B38 /* ELYMessage.m in Sources */ = {isa = PBXBuildFile; fileRef = F2C545C11A642AB400116B38 /* ELYMessage.m */; };
		F2C545C41A64318600116B38 /* ELYMessageTableHeader.xib in Resources */ = {isa = PBXBuildFile; fileRef = F2C545C31A64318600116B38 /* ELYMessageTableHeader.xib */; };
/* End PBXBuildFile section */

/* Begin PBXContainerItemProxy section */
		F249B3F21A5EDFC4001303FB /* PBXContainerItemProxy */ = {
			isa = PBXContainerItemProxy;
			containerPortal = F249B3D01A5EDFC4001303FB /* Project object */;
			proxyType = 1;
			remoteGlobalIDString = F249B3D71A5EDFC4001303FB;
			remoteInfo = ELYCamping;
		};
/* End PBXContainerItemProxy section */

/* Begin PBXFileReference section */
		F249B3D81A5EDFC4001303FB /* ELYCamping.app */ = {isa = PBXFileReference; explicitFileType = wrapper.application; includeInIndex = 0; path = ELYCamping.app; sourceTree = BUILT_PRODUCTS_DIR; };
		F249B3DC1A5EDFC4001303FB /* Info.plist */ = {isa = PBXFileReference; lastKnownFileType = text.plist.xml; path = Info.plist; sourceTree = "<group>"; };
		F249B3DD1A5EDFC4001303FB /* main.m */ = {isa = PBXFileReference; lastKnownFileType = sourcecode.c.objc; path = main.m; sourceTree = "<group>"; };
		F249B3DF1A5EDFC4001303FB /* AppDelegate.h */ = {isa = PBXFileReference; lastKnownFileType = sourcecode.c.h; path = AppDelegate.h; sourceTree = "<group>"; };
		F249B3E01A5EDFC4001303FB /* AppDelegate.m */ = {isa = PBXFileReference; lastKnownFileType = sourcecode.c.objc; path = AppDelegate.m; sourceTree = "<group>"; };
		F249B3E61A5EDFC4001303FB /* Base */ = {isa = PBXFileReference; lastKnownFileType = file.storyboard; name = Base; path = Base.lproj/Main.storyboard; sourceTree = "<group>"; };
		F249B3E81A5EDFC4001303FB /* Images.xcassets */ = {isa = PBXFileReference; lastKnownFileType = folder.assetcatalog; path = Images.xcassets; sourceTree = "<group>"; };
		F249B3EB1A5EDFC4001303FB /* Base */ = {isa = PBXFileReference; lastKnownFileType = file.xib; name = Base; path = Base.lproj/LaunchScreen.xib; sourceTree = "<group>"; };
		F249B3F11A5EDFC4001303FB /* ELYCampingTests.xctest */ = {isa = PBXFileReference; explicitFileType = wrapper.cfbundle; includeInIndex = 0; path = ELYCampingTests.xctest; sourceTree = BUILT_PRODUCTS_DIR; };
		F249B3F61A5EDFC4001303FB /* Info.plist */ = {isa = PBXFileReference; lastKnownFileType = text.plist.xml; path = Info.plist; sourceTree = "<group>"; };
		F249B3F71A5EDFC4001303FB /* ELYCampingTests.m */ = {isa = PBXFileReference; lastKnownFileType = sourcecode.c.objc; path = ELYCampingTests.m; sourceTree = "<group>"; };
		F249B4031A5EF399001303FB /* ELYLoginViewController.h */ = {isa = PBXFileReference; fileEncoding = 4; lastKnownFileType = sourcecode.c.h; path = ELYLoginViewController.h; sourceTree = "<group>"; };
		F249B4041A5EF399001303FB /* ELYLoginViewController.m */ = {isa = PBXFileReference; fileEncoding = 4; lastKnownFileType = sourcecode.c.objc; path = ELYLoginViewController.m; sourceTree = "<group>"; };
		F249B4051A5EF399001303FB /* ELYLoginViewController.xib */ = {isa = PBXFileReference; fileEncoding = 4; lastKnownFileType = file.xib; path = ELYLoginViewController.xib; sourceTree = "<group>"; };
		F249B4081A5EF3B2001303FB /* ELYRegisterViewController.h */ = {isa = PBXFileReference; fileEncoding = 4; lastKnownFileType = sourcecode.c.h; path = ELYRegisterViewController.h; sourceTree = "<group>"; };
		F249B4091A5EF3B2001303FB /* ELYRegisterViewController.m */ = {isa = PBXFileReference; fileEncoding = 4; lastKnownFileType = sourcecode.c.objc; path = ELYRegisterViewController.m; sourceTree = "<group>"; };
		F249B40A1A5EF3B2001303FB /* ELYRegisterViewController.xib */ = {isa = PBXFileReference; fileEncoding = 4; lastKnownFileType = file.xib; path = ELYRegisterViewController.xib; sourceTree = "<group>"; };
		F249B40D1A5EF3C7001303FB /* ELYIndexViewController.h */ = {isa = PBXFileReference; fileEncoding = 4; lastKnownFileType = sourcecode.c.h; path = ELYIndexViewController.h; sourceTree = "<group>"; };
		F249B40E1A5EF3C7001303FB /* ELYIndexViewController.m */ = {isa = PBXFileReference; fileEncoding = 4; lastKnownFileType = sourcecode.c.objc; path = ELYIndexViewController.m; sourceTree = "<group>"; };
		F249B43B1A5F0559001303FB /* ELYMainTabBarController.h */ = {isa = PBXFileReference; fileEncoding = 4; lastKnownFileType = sourcecode.c.h; path = ELYMainTabBarController.h; sourceTree = "<group>"; };
		F249B43C1A5F0559001303FB /* ELYMainTabBarController.m */ = {isa = PBXFileReference; fileEncoding = 4; lastKnownFileType = sourcecode.c.objc; path = ELYMainTabBarController.m; sourceTree = "<group>"; };
		F249B43D1A5F0559001303FB /* ELYMainTabBarController.xib */ = {isa = PBXFileReference; fileEncoding = 4; lastKnownFileType = file.xib; path = ELYMainTabBarController.xib; sourceTree = "<group>"; };
		F249B44A1A5F061A001303FB /* ELYActivityViewController.h */ = {isa = PBXFileReference; fileEncoding = 4; lastKnownFileType = sourcecode.c.h; path = ELYActivityViewController.h; sourceTree = "<group>"; };
		F249B44B1A5F061A001303FB /* ELYActivityViewController.m */ = {isa = PBXFileReference; fileEncoding = 4; lastKnownFileType = sourcecode.c.objc; path = ELYActivityViewController.m; sourceTree = "<group>"; };
		F249B44C1A5F061A001303FB /* ELYActivityViewController.xib */ = {isa = PBXFileReference; fileEncoding = 4; lastKnownFileType = file.xib; path = ELYActivityViewController.xib; sourceTree = "<group>"; };
		F249B44F1A5F088F001303FB /* ELYCampsiteViewController.h */ = {isa = PBXFileReference; fileEncoding = 4; lastKnownFileType = sourcecode.c.h; path = ELYCampsiteViewController.h; sourceTree = "<group>"; };
		F249B4501A5F088F001303FB /* ELYCampsiteViewController.m */ = {isa = PBXFileReference; fileEncoding = 4; lastKnownFileType = sourcecode.c.objc; path = ELYCampsiteViewController.m; sourceTree = "<group>"; };
		F249B4511A5F088F001303FB /* ELYCampsiteViewController.xib */ = {isa = PBXFileReference; fileEncoding = 4; lastKnownFileType = file.xib; path = ELYCampsiteViewController.xib; sourceTree = "<group>"; };
		F249B4541A5F08E2001303FB /* ELYCustomViewController.h */ = {isa = PBXFileReference; fileEncoding = 4; lastKnownFileType = sourcecode.c.h; path = ELYCustomViewController.h; sourceTree = "<group>"; };
		F249B4551A5F08E2001303FB /* ELYCustomViewController.m */ = {isa = PBXFileReference; fileEncoding = 4; lastKnownFileType = sourcecode.c.objc; path = ELYCustomViewController.m; sourceTree = "<group>"; };
		F249B4561A5F08E2001303FB /* ELYCustomViewController.xib */ = {isa = PBXFileReference; fileEncoding = 4; lastKnownFileType = file.xib; path = ELYCustomViewController.xib; sourceTree = "<group>"; };
		F249B4591A5F090F001303FB /* ELYUserInfoViewController.h */ = {isa = PBXFileReference; fileEncoding = 4; lastKnownFileType = sourcecode.c.h; path = ELYUserInfoViewController.h; sourceTree = "<group>"; };
		F249B45A1A5F090F001303FB /* ELYUserInfoViewController.m */ = {isa = PBXFileReference; fileEncoding = 4; lastKnownFileType = sourcecode.c.objc; path = ELYUserInfoViewController.m; sourceTree = "<group>"; };
		F249B45B1A5F090F001303FB /* ELYUserInfoViewController.xib */ = {isa = PBXFileReference; fileEncoding = 4; lastKnownFileType = file.xib; path = ELYUserInfoViewController.xib; sourceTree = "<group>"; };
		F249B45E1A5F0C83001303FB /* ELYUserInfo.h */ = {isa = PBXFileReference; fileEncoding = 4; lastKnownFileType = sourcecode.c.h; path = ELYUserInfo.h; sourceTree = "<group>"; };
		F249B45F1A5F0C83001303FB /* ELYUserInfo.m */ = {isa = PBXFileReference; fileEncoding = 4; lastKnownFileType = sourcecode.c.objc; path = ELYUserInfo.m; sourceTree = "<group>"; };
		F249B4651A603FDF001303FB /* ExtensionButtom.h */ = {isa = PBXFileReference; fileEncoding = 4; lastKnownFileType = sourcecode.c.h; path = ExtensionButtom.h; sourceTree = "<group>"; };
		F249B4661A603FDF001303FB /* ExtensionButtom.m */ = {isa = PBXFileReference; fileEncoding = 4; lastKnownFileType = sourcecode.c.objc; path = ExtensionButtom.m; sourceTree = "<group>"; };
		F249B46A1A617FF7001303FB /* ELYCampsiteViewCell.h */ = {isa = PBXFileReference; fileEncoding = 4; lastKnownFileType = sourcecode.c.h; path = ELYCampsiteViewCell.h; sourceTree = "<group>"; };
		F249B46B1A617FF7001303FB /* ELYCampsiteViewCell.m */ = {isa = PBXFileReference; fileEncoding = 4; lastKnownFileType = sourcecode.c.objc; path = ELYCampsiteViewCell.m; sourceTree = "<group>"; };
		F249B46C1A617FF7001303FB /* ELYCampsiteViewCell.xib */ = {isa = PBXFileReference; fileEncoding = 4; lastKnownFileType = file.xib; path = ELYCampsiteViewCell.xib; sourceTree = "<group>"; };
		F249B46F1A618029001303FB /* ELYActivityViewCell.h */ = {isa = PBXFileReference; fileEncoding = 4; lastKnownFileType = sourcecode.c.h; path = ELYActivityViewCell.h; sourceTree = "<group>"; };
		F249B4701A618029001303FB /* ELYActivityViewCell.m */ = {isa = PBXFileReference; fileEncoding = 4; lastKnownFileType = sourcecode.c.objc; path = ELYActivityViewCell.m; sourceTree = "<group>"; };
		F249B4711A618029001303FB /* ELYActivityViewCell.xib */ = {isa = PBXFileReference; fileEncoding = 4; lastKnownFileType = file.xib; path = ELYActivityViewCell.xib; sourceTree = "<group>"; };
		F249B4741A62334B001303FB /* EScrollerView.h */ = {isa = PBXFileReference; fileEncoding = 4; lastKnownFileType = sourcecode.c.h; path = EScrollerView.h; sourceTree = "<group>"; };
		F249B4751A62334B001303FB /* EScrollerView.m */ = {isa = PBXFileReference; fileEncoding = 4; lastKnownFileType = sourcecode.c.objc; path = EScrollerView.m; sourceTree = "<group>"; };
		F249B47C1A627342001303FB /* ELYCampsiteInfoViewController.h */ = {isa = PBXFileReference; fileEncoding = 4; lastKnownFileType = sourcecode.c.h; path = ELYCampsiteInfoViewController.h; sourceTree = "<group>"; };
		F249B47D1A627343001303FB /* ELYCampsiteInfoViewController.m */ = {isa = PBXFileReference; fileEncoding = 4; lastKnownFileType = sourcecode.c.objc; path = ELYCampsiteInfoViewController.m; sourceTree = "<group>"; };
		F249B47E1A627343001303FB /* ELYCampsiteInfoViewController.xib */ = {isa = PBXFileReference; fileEncoding = 4; lastKnownFileType = file.xib; path = ELYCampsiteInfoViewController.xib; sourceTree = "<group>"; };
		F249B4811A62742C001303FB /* ELYCampsiteReserveViewController.h */ = {isa = PBXFileReference; fileEncoding = 4; lastKnownFileType = sourcecode.c.h; path = ELYCampsiteReserveViewController.h; sourceTree = "<group>"; };
		F249B4821A62742C001303FB /* ELYCampsiteReserveViewController.m */ = {isa = PBXFileReference; fileEncoding = 4; lastKnownFileType = sourcecode.c.objc; path = ELYCampsiteReserveViewController.m; sourceTree = "<group>"; };
		F249B4831A62742C001303FB /* ELYCampsiteReserveViewController.xib */ = {isa = PBXFileReference; fileEncoding = 4; lastKnownFileType = file.xib; path = ELYCampsiteReserveViewController.xib; sourceTree = "<group>"; };
		F249B4861A62751E001303FB /* ELYActivityInfoViewController.h */ = {isa = PBXFileReference; fileEncoding = 4; lastKnownFileType = sourcecode.c.h; path = ELYActivityInfoViewController.h; sourceTree = "<group>"; };
		F249B4871A62751E001303FB /* ELYActivityInfoViewController.m */ = {isa = PBXFileReference; fileEncoding = 4; lastKnownFileType = sourcecode.c.objc; path = ELYActivityInfoViewController.m; sourceTree = "<group>"; };
		F249B4881A62751E001303FB /* ELYActivityInfoViewController.xib */ = {isa = PBXFileReference; fileEncoding = 4; lastKnownFileType = file.xib; path = ELYActivityInfoViewController.xib; sourceTree = "<group>"; };
		F249B48C1A627669001303FB /* ELYCustomInfoViewController.h */ = {isa = PBXFileReference; fileEncoding = 4; lastKnownFileType = sourcecode.c.h; path = ELYCustomInfoViewController.h; sourceTree = "<group>"; };
		F249B48D1A627669001303FB /* ELYCustomInfoViewController.m */ = {isa = PBXFileReference; fileEncoding = 4; lastKnownFileType = sourcecode.c.objc; path = ELYCustomInfoViewController.m; sourceTree = "<group>"; };
		F249B48E1A627669001303FB /* ELYCustomInfoViewController.xib */ = {isa = PBXFileReference; fileEncoding = 4; lastKnownFileType = file.xib; path = ELYCustomInfoViewController.xib; sourceTree = "<group>"; };
		F249B4911A6276EC001303FB /* ELYMyFavoritesViewController.h */ = {isa = PBXFileReference; fileEncoding = 4; lastKnownFileType = sourcecode.c.h; path = ELYMyFavoritesViewController.h; sourceTree = "<group>"; };
		F249B4921A6276EC001303FB /* ELYMyFavoritesViewController.m */ = {isa = PBXFileReference; fileEncoding = 4; lastKnownFileType = sourcecode.c.objc; path = ELYMyFavoritesViewController.m; sourceTree = "<group>"; };
		F249B4931A6276EC001303FB /* ELYMyFavoritesViewController.xib */ = {isa = PBXFileReference; fileEncoding = 4; lastKnownFileType = file.xib; path = ELYMyFavoritesViewController.xib; sourceTree = "<group>"; };
		F249B4961A62770D001303FB /* ELYMessageListViewController.h */ = {isa = PBXFileReference; fileEncoding = 4; lastKnownFileType = sourcecode.c.h; path = ELYMessageListViewController.h; sourceTree = "<group>"; };
		F249B4971A62770D001303FB /* ELYMessageListViewController.m */ = {isa = PBXFileReference; fileEncoding = 4; lastKnownFileType = sourcecode.c.objc; path = ELYMessageListViewController.m; sourceTree = "<group>"; };
		F249B4981A62770D001303FB /* ELYMessageListViewController.xib */ = {isa = PBXFileReference; fileEncoding = 4; lastKnownFileType = file.xib; path = ELYMessageListViewController.xib; sourceTree = "<group>"; };
		F249B49B1A62776B001303FB /* ELYUserInfoDetailViewController.h */ = {isa = PBXFileReference; fileEncoding = 4; lastKnownFileType = sourcecode.c.h; path = ELYUserInfoDetailViewController.h; sourceTree = "<group>"; };
		F249B49C1A62776B001303FB /* ELYUserInfoDetailViewController.m */ = {isa = PBXFileReference; fileEncoding = 4; lastKnownFileType = sourcecode.c.objc; path = ELYUserInfoDetailViewController.m; sourceTree = "<group>"; };
		F249B49D1A62776B001303FB /* ELYUserInfoDetailViewController.xib */ = {isa = PBXFileReference; fileEncoding = 4; lastKnownFileType = file.xib; path = ELYUserInfoDetailViewController.xib; sourceTree = "<group>"; };
		F249B4A01A6277CD001303FB /* ELYUserInfoEditViewController.h */ = {isa = PBXFileReference; fileEncoding = 4; lastKnownFileType = sourcecode.c.h; path = ELYUserInfoEditViewController.h; sourceTree = "<group>"; };
		F249B4A11A6277CD001303FB /* ELYUserInfoEditViewController.m */ = {isa = PBXFileReference; fileEncoding = 4; lastKnownFileType = sourcecode.c.objc; path = ELYUserInfoEditViewController.m; sourceTree = "<group>"; };
		F249B4A21A6277CD001303FB /* ELYUserInfoEditViewController.xib */ = {isa = PBXFileReference; fileEncoding = 4; lastKnownFileType = file.xib; path = ELYUserInfoEditViewController.xib; sourceTree = "<group>"; };
		F249B4A51A6278AA001303FB /* ELYActivityReserveViewController.h */ = {isa = PBXFileReference; fileEncoding = 4; lastKnownFileType = sourcecode.c.h; path = ELYActivityReserveViewController.h; sourceTree = "<group>"; };
		F249B4A61A6278AA001303FB /* ELYActivityReserveViewController.m */ = {isa = PBXFileReference; fileEncoding = 4; lastKnownFileType = sourcecode.c.objc; path = ELYActivityReserveViewController.m; sourceTree = "<group>"; };
		F249B4A71A6278AA001303FB /* ELYActivityReserveViewController.xib */ = {isa = PBXFileReference; fileEncoding = 4; lastKnownFileType = file.xib; path = ELYActivityReserveViewController.xib; sourceTree = "<group>"; };
		F249B4AA1A627CC8001303FB /* ELYOrderListViewController.h */ = {isa = PBXFileReference; fileEncoding = 4; lastKnownFileType = sourcecode.c.h; path = ELYOrderListViewController.h; sourceTree = "<group>"; };
		F249B4AB1A627CC8001303FB /* ELYOrderListViewController.m */ = {isa = PBXFileReference; fileEncoding = 4; lastKnownFileType = sourcecode.c.objc; path = ELYOrderListViewController.m; sourceTree = "<group>"; };
		F249B4AC1A627CC8001303FB /* ELYOrderListViewController.xib */ = {isa = PBXFileReference; fileEncoding = 4; lastKnownFileType = file.xib; path = ELYOrderListViewController.xib; sourceTree = "<group>"; };
		F29EE7E01A66D48E0075A306 /* ELYCampsiteReserveViewHeader.h */ = {isa = PBXFileReference; fileEncoding = 4; lastKnownFileType = sourcecode.c.h; path = ELYCampsiteReserveViewHeader.h; sourceTree = "<group>"; };
		F29EE7E11A66D48E0075A306 /* ELYCampsiteReserveViewHeader.m */ = {isa = PBXFileReference; fileEncoding = 4; lastKnownFileType = sourcecode.c.objc; path = ELYCampsiteReserveViewHeader.m; sourceTree = "<group>"; };
		F29EE7E31A66D4A10075A306 /* ELYCampsiteReserveViewHeader.xib */ = {isa = PBXFileReference; fileEncoding = 4; lastKnownFileType = file.xib; path = ELYCampsiteReserveViewHeader.xib; sourceTree = "<group>"; };
		F2C545BD1A6423F000116B38 /* ELYMessageTableHeader.h */ = {isa = PBXFileReference; fileEncoding = 4; lastKnownFileType = sourcecode.c.h; path = ELYMessageTableHeader.h; sourceTree = "<group>"; };
		F2C545BE1A6423F000116B38 /* ELYMessageTableHeader.m */ = {isa = PBXFileReference; fileEncoding = 4; lastKnownFileType = sourcecode.c.objc; path = ELYMessageTableHeader.m; sourceTree = "<group>"; };
		F2C545C01A642AB400116B38 /* ELYMessage.h */ = {isa = PBXFileReference; fileEncoding = 4; lastKnownFileType = sourcecode.c.h; path = ELYMessage.h; sourceTree = "<group>"; };
		F2C545C11A642AB400116B38 /* ELYMessage.m */ = {isa = PBXFileReference; fileEncoding = 4; lastKnownFileType = sourcecode.c.objc; path = ELYMessage.m; sourceTree = "<group>"; };
		F2C545C31A64318600116B38 /* ELYMessageTableHeader.xib */ = {isa = PBXFileReference; fileEncoding = 4; lastKnownFileType = file.xib; path = ELYMessageTableHeader.xib; sourceTree = "<group>"; };
/* End PBXFileReference section */

/* Begin PBXFrameworksBuildPhase section */
		F249B3D51A5EDFC4001303FB /* Frameworks */ = {
			isa = PBXFrameworksBuildPhase;
			buildActionMask = 2147483647;
			files = (
			);
			runOnlyForDeploymentPostprocessing = 0;
		};
		F249B3EE1A5EDFC4001303FB /* Frameworks */ = {
			isa = PBXFrameworksBuildPhase;
			buildActionMask = 2147483647;
			files = (
			);
			runOnlyForDeploymentPostprocessing = 0;
		};
/* End PBXFrameworksBuildPhase section */

/* Begin PBXGroup section */
		F249B3CF1A5EDFC4001303FB = {
			isa = PBXGroup;
			children = (
				F249B3DA1A5EDFC4001303FB /* ELYCamping */,
				F249B3F41A5EDFC4001303FB /* ELYCampingTests */,
				F249B3D91A5EDFC4001303FB /* Products */,
			);
			sourceTree = "<group>";
		};
		F249B3D91A5EDFC4001303FB /* Products */ = {
			isa = PBXGroup;
			children = (
				F249B3D81A5EDFC4001303FB /* ELYCamping.app */,
				F249B3F11A5EDFC4001303FB /* ELYCampingTests.xctest */,
			);
			name = Products;
			sourceTree = "<group>";
		};
		F249B3DA1A5EDFC4001303FB /* ELYCamping */ = {
			isa = PBXGroup;
			children = (
				F249B4611A603927001303FB /* Tools */,
				F249B4771A627207001303FB /* Controller */,
				F249B4021A5EE2E9001303FB /* Model */,
				F249B4011A5EDFD6001303FB /* Login&register */,
				F249B3DF1A5EDFC4001303FB /* AppDelegate.h */,
				F249B3E01A5EDFC4001303FB /* AppDelegate.m */,
				F249B40D1A5EF3C7001303FB /* ELYIndexViewController.h */,
				F249B40E1A5EF3C7001303FB /* ELYIndexViewController.m */,
				F249B3E51A5EDFC4001303FB /* Main.storyboard */,
				F249B3E81A5EDFC4001303FB /* Images.xcassets */,
				F249B3EA1A5EDFC4001303FB /* LaunchScreen.xib */,
				F249B3DB1A5EDFC4001303FB /* Supporting Files */,
			);
			path = ELYCamping;
			sourceTree = "<group>";
		};
		F249B3DB1A5EDFC4001303FB /* Supporting Files */ = {
			isa = PBXGroup;
			children = (
				F249B3DC1A5EDFC4001303FB /* Info.plist */,
				F249B3DD1A5EDFC4001303FB /* main.m */,
			);
			name = "Supporting Files";
			sourceTree = "<group>";
		};
		F249B3F41A5EDFC4001303FB /* ELYCampingTests */ = {
			isa = PBXGroup;
			children = (
				F249B3F71A5EDFC4001303FB /* ELYCampingTests.m */,
				F249B3F51A5EDFC4001303FB /* Supporting Files */,
			);
			path = ELYCampingTests;
			sourceTree = "<group>";
		};
		F249B3F51A5EDFC4001303FB /* Supporting Files */ = {
			isa = PBXGroup;
			children = (
				F249B3F61A5EDFC4001303FB /* Info.plist */,
			);
			name = "Supporting Files";
			sourceTree = "<group>";
		};
		F249B4011A5EDFD6001303FB /* Login&register */ = {
			isa = PBXGroup;
			children = (
				F249B4031A5EF399001303FB /* ELYLoginViewController.h */,
				F249B4041A5EF399001303FB /* ELYLoginViewController.m */,
				F249B4051A5EF399001303FB /* ELYLoginViewController.xib */,
				F249B4081A5EF3B2001303FB /* ELYRegisterViewController.h */,
				F249B4091A5EF3B2001303FB /* ELYRegisterViewController.m */,
				F249B40A1A5EF3B2001303FB /* ELYRegisterViewController.xib */,
			);
			name = "Login&register";
			sourceTree = "<group>";
		};
		F249B4021A5EE2E9001303FB /* Model */ = {
			isa = PBXGroup;
			children = (
				F249B45E1A5F0C83001303FB /* ELYUserInfo.h */,
				F249B45F1A5F0C83001303FB /* ELYUserInfo.m */,
				F2C545C01A642AB400116B38 /* ELYMessage.h */,
				F2C545C11A642AB400116B38 /* ELYMessage.m */,
			);
			name = Model;
			sourceTree = "<group>";
		};
		F249B4321A5EFAB8001303FB /* MainView */ = {
			isa = PBXGroup;
			children = (
				F249B4691A617EFF001303FB /* head */,
				F249B4681A617EEE001303FB /* Cell */,
				F249B43C1A5F0559001303FB /* ELYMainTabBarController.m */,
				F249B43B1A5F0559001303FB /* ELYMainTabBarController.h */,
				F249B43D1A5F0559001303FB /* ELYMainTabBarController.xib */,
				F249B44F1A5F088F001303FB /* ELYCampsiteViewController.h */,
				F249B4501A5F088F001303FB /* ELYCampsiteViewController.m */,
				F249B4511A5F088F001303FB /* ELYCampsiteViewController.xib */,
				F249B44A1A5F061A001303FB /* ELYActivityViewController.h */,
				F249B44B1A5F061A001303FB /* ELYActivityViewController.m */,
				F249B44C1A5F061A001303FB /* ELYActivityViewController.xib */,
				F249B4541A5F08E2001303FB /* ELYCustomViewController.h */,
				F249B4551A5F08E2001303FB /* ELYCustomViewController.m */,
				F249B4561A5F08E2001303FB /* ELYCustomViewController.xib */,
				F249B4591A5F090F001303FB /* ELYUserInfoViewController.h */,
				F249B45A1A5F090F001303FB /* ELYUserInfoViewController.m */,
				F249B45B1A5F090F001303FB /* ELYUserInfoViewController.xib */,
			);
			name = MainView;
			sourceTree = "<group>";
		};
		F249B4611A603927001303FB /* Tools */ = {
			isa = PBXGroup;
			children = (
				F249B4741A62334B001303FB /* EScrollerView.h */,
				F249B4751A62334B001303FB /* EScrollerView.m */,
				F249B4651A603FDF001303FB /* ExtensionButtom.h */,
				F249B4661A603FDF001303FB /* ExtensionButtom.m */,
			);
			name = Tools;
			sourceTree = "<group>";
		};
		F249B4681A617EEE001303FB /* Cell */ = {
			isa = PBXGroup;
			children = (
				F249B46A1A617FF7001303FB /* ELYCampsiteViewCell.h */,
				F249B46B1A617FF7001303FB /* ELYCampsiteViewCell.m */,
				F249B46C1A617FF7001303FB /* ELYCampsiteViewCell.xib */,
				F249B46F1A618029001303FB /* ELYActivityViewCell.h */,
				F249B4701A618029001303FB /* ELYActivityViewCell.m */,
				F249B4711A618029001303FB /* ELYActivityViewCell.xib */,
			);
			name = Cell;
			sourceTree = "<group>";
		};
		F249B4691A617EFF001303FB /* head */ = {
			isa = PBXGroup;
			children = (
			);
			name = head;
			sourceTree = "<group>";
		};
		F249B4771A627207001303FB /* Controller */ = {
			isa = PBXGroup;
			children = (
				F249B4321A5EFAB8001303FB /* MainView */,
				F249B4791A62729A001303FB /* Campsite */,
				F249B47A1A6272AA001303FB /* Activity */,
				F249B47B1A6272BB001303FB /* Custom */,
				F249B4781A62723B001303FB /* Account */,
			);
			name = Controller;
			sourceTree = "<group>";
		};
		F249B4781A62723B001303FB /* Account */ = {
			isa = PBXGroup;
			children = (
				F2C545BC1A6422FD00116B38 /* View */,
				F249B4911A6276EC001303FB /* ELYMyFavoritesViewController.h */,
				F249B4921A6276EC001303FB /* ELYMyFavoritesViewController.m */,
				F249B4931A6276EC001303FB /* ELYMyFavoritesViewController.xib */,
				F249B4961A62770D001303FB /* ELYMessageListViewController.h */,
				F249B4971A62770D001303FB /* ELYMessageListViewController.m */,
				F249B4981A62770D001303FB /* ELYMessageListViewController.xib */,
				F249B49B1A62776B001303FB /* ELYUserInfoDetailViewController.h */,
				F249B49C1A62776B001303FB /* ELYUserInfoDetailViewController.m */,
				F249B49D1A62776B001303FB /* ELYUserInfoDetailViewController.xib */,
				F249B4A01A6277CD001303FB /* ELYUserInfoEditViewController.h */,
				F249B4A11A6277CD001303FB /* ELYUserInfoEditViewController.m */,
				F249B4A21A6277CD001303FB /* ELYUserInfoEditViewController.xib */,
				F249B4AA1A627CC8001303FB /* ELYOrderListViewController.h */,
				F249B4AB1A627CC8001303FB /* ELYOrderListViewController.m */,
				F249B4AC1A627CC8001303FB /* ELYOrderListViewController.xib */,
			);
			name = Account;
			sourceTree = "<group>";
		};
		F249B4791A62729A001303FB /* Campsite */ = {
			isa = PBXGroup;
			children = (
				F29EE7DF1A66D4480075A306 /* View */,
				F249B47C1A627342001303FB /* ELYCampsiteInfoViewController.h */,
				F249B47D1A627343001303FB /* ELYCampsiteInfoViewController.m */,
				F249B47E1A627343001303FB /* ELYCampsiteInfoViewController.xib */,
				F249B4811A62742C001303FB /* ELYCampsiteReserveViewController.h */,
				F249B4821A62742C001303FB /* ELYCampsiteReserveViewController.m */,
				F249B4831A62742C001303FB /* ELYCampsiteReserveViewController.xib */,
			);
			name = Campsite;
			sourceTree = "<group>";
		};
		F249B47A1A6272AA001303FB /* Activity */ = {
			isa = PBXGroup;
			children = (
				F249B4861A62751E001303FB /* ELYActivityInfoViewController.h */,
				F249B4871A62751E001303FB /* ELYActivityInfoViewController.m */,
				F249B4881A62751E001303FB /* ELYActivityInfoViewController.xib */,
				F249B4A51A6278AA001303FB /* ELYActivityReserveViewController.h */,
				F249B4A61A6278AA001303FB /* ELYActivityReserveViewController.m */,
				F249B4A71A6278AA001303FB /* ELYActivityReserveViewController.xib */,
			);
			name = Activity;
			sourceTree = "<group>";
		};
		F249B47B1A6272BB001303FB /* Custom */ = {
			isa = PBXGroup;
			children = (
				F249B48C1A627669001303FB /* ELYCustomInfoViewController.h */,
				F249B48D1A627669001303FB /* ELYCustomInfoViewController.m */,
				F249B48E1A627669001303FB /* ELYCustomInfoViewController.xib */,
			);
			name = Custom;
			sourceTree = "<group>";
		};
		F29EE7DF1A66D4480075A306 /* View */ = {
			isa = PBXGroup;
			children = (
				F29EE7E01A66D48E0075A306 /* ELYCampsiteReserveViewHeader.h */,
				F29EE7E11A66D48E0075A306 /* ELYCampsiteReserveViewHeader.m */,
				F29EE7E31A66D4A10075A306 /* ELYCampsiteReserveViewHeader.xib */,
			);
			name = View;
			sourceTree = "<group>";
		};
		F2C545BC1A6422FD00116B38 /* View */ = {
			isa = PBXGroup;
			children = (
				F2C545BD1A6423F000116B38 /* ELYMessageTableHeader.h */,
				F2C545BE1A6423F000116B38 /* ELYMessageTableHeader.m */,
				F2C545C31A64318600116B38 /* ELYMessageTableHeader.xib */,
			);
			name = View;
			sourceTree = "<group>";
		};
/* End PBXGroup section */

/* Begin PBXNativeTarget section */
		F249B3D71A5EDFC4001303FB /* ELYCamping */ = {
			isa = PBXNativeTarget;
			buildConfigurationList = F249B3FB1A5EDFC4001303FB /* Build configuration list for PBXNativeTarget "ELYCamping" */;
			buildPhases = (
				F249B3D41A5EDFC4001303FB /* Sources */,
				F249B3D51A5EDFC4001303FB /* Frameworks */,
				F249B3D61A5EDFC4001303FB /* Resources */,
			);
			buildRules = (
			);
			dependencies = (
			);
			name = ELYCamping;
			productName = ELYCamping;
			productReference = F249B3D81A5EDFC4001303FB /* ELYCamping.app */;
			productType = "com.apple.product-type.application";
		};
		F249B3F01A5EDFC4001303FB /* ELYCampingTests */ = {
			isa = PBXNativeTarget;
			buildConfigurationList = F249B3FE1A5EDFC4001303FB /* Build configuration list for PBXNativeTarget "ELYCampingTests" */;
			buildPhases = (
				F249B3ED1A5EDFC4001303FB /* Sources */,
				F249B3EE1A5EDFC4001303FB /* Frameworks */,
				F249B3EF1A5EDFC4001303FB /* Resources */,
			);
			buildRules = (
			);
			dependencies = (
				F249B3F31A5EDFC4001303FB /* PBXTargetDependency */,
			);
			name = ELYCampingTests;
			productName = ELYCampingTests;
			productReference = F249B3F11A5EDFC4001303FB /* ELYCampingTests.xctest */;
			productType = "com.apple.product-type.bundle.unit-test";
		};
/* End PBXNativeTarget section */

/* Begin PBXProject section */
		F249B3D01A5EDFC4001303FB /* Project object */ = {
			isa = PBXProject;
			attributes = {
				LastUpgradeCheck = 0610;
				ORGANIZATIONNAME = Eluying;
				TargetAttributes = {
					F249B3D71A5EDFC4001303FB = {
						CreatedOnToolsVersion = 6.1;
					};
					F249B3F01A5EDFC4001303FB = {
						CreatedOnToolsVersion = 6.1;
						TestTargetID = F249B3D71A5EDFC4001303FB;
					};
				};
			};
			buildConfigurationList = F249B3D31A5EDFC4001303FB /* Build configuration list for PBXProject "ELYCamping" */;
			compatibilityVersion = "Xcode 3.2";
			developmentRegion = English;
			hasScannedForEncodings = 0;
			knownRegions = (
				en,
				Base,
			);
			mainGroup = F249B3CF1A5EDFC4001303FB;
			productRefGroup = F249B3D91A5EDFC4001303FB /* Products */;
			projectDirPath = "";
			projectRoot = "";
			targets = (
				F249B3D71A5EDFC4001303FB /* ELYCamping */,
				F249B3F01A5EDFC4001303FB /* ELYCampingTests */,
			);
		};
/* End PBXProject section */

/* Begin PBXResourcesBuildPhase section */
		F249B3D61A5EDFC4001303FB /* Resources */ = {
			isa = PBXResourcesBuildPhase;
			buildActionMask = 2147483647;
			files = (
				F249B4901A627669001303FB /* ELYCustomInfoViewController.xib in Resources */,
				F249B3E71A5EDFC4001303FB /* Main.storyboard in Resources */,
				F249B4071A5EF399001303FB /* ELYLoginViewController.xib in Resources */,
				F249B48A1A62751E001303FB /* ELYActivityInfoViewController.xib in Resources */,
				F249B3EC1A5EDFC4001303FB /* LaunchScreen.xib in Resources */,
				F249B4A91A6278AA001303FB /* ELYActivityReserveViewController.xib in Resources */,
				F249B44E1A5F061A001303FB /* ELYActivityViewController.xib in Resources */,
				F249B43F1A5F0559001303FB /* ELYMainTabBarController.xib in Resources */,
				F249B4581A5F08E2001303FB /* ELYCustomViewController.xib in Resources */,
				F249B4A41A6277CD001303FB /* ELYUserInfoEditViewController.xib in Resources */,
				F249B4731A618029001303FB /* ELYActivityViewCell.xib in Resources */,
				F249B4801A627343001303FB /* ELYCampsiteInfoViewController.xib in Resources */,
				F249B45D1A5F090F001303FB /* ELYUserInfoViewController.xib in Resources */,
				F249B4951A6276EC001303FB /* ELYMyFavoritesViewController.xib in Resources */,
				F249B49A1A62770D001303FB /* ELYMessageListViewController.xib in Resources */,
				F249B4531A5F088F001303FB /* ELYCampsiteViewController.xib in Resources */,
				F2C545C41A64318600116B38 /* ELYMessageTableHeader.xib in Resources */,
				F249B4AE1A627CC8001303FB /* ELYOrderListViewController.xib in Resources */,
				F29EE7E41A66D4A10075A306 /* ELYCampsiteReserveViewHeader.xib in Resources */,
				F249B4851A62742C001303FB /* ELYCampsiteReserveViewController.xib in Resources */,
				F249B49F1A62776B001303FB /* ELYUserInfoDetailViewController.xib in Resources */,
				F249B40C1A5EF3B2001303FB /* ELYRegisterViewController.xib in Resources */,
				F249B46E1A617FF7001303FB /* ELYCampsiteViewCell.xib in Resources */,
				F249B3E91A5EDFC4001303FB /* Images.xcassets in Resources */,
			);
			runOnlyForDeploymentPostprocessing = 0;
		};
		F249B3EF1A5EDFC4001303FB /* Resources */ = {
			isa = PBXResourcesBuildPhase;
			buildActionMask = 2147483647;
			files = (
			);
			runOnlyForDeploymentPostprocessing = 0;
		};
/* End PBXResourcesBuildPhase section */

/* Begin PBXSourcesBuildPhase section */
		F249B3D41A5EDFC4001303FB /* Sources */ = {
			isa = PBXSourcesBuildPhase;
			buildActionMask = 2147483647;
			files = (
				F249B4671A603FDF001303FB /* ExtensionButtom.m in Sources */,
				F249B40B1A5EF3B2001303FB /* ELYRegisterViewController.m in Sources */,
				F249B4991A62770D001303FB /* ELYMessageListViewController.m in Sources */,
				F249B4A81A6278AA001303FB /* ELYActivityReserveViewController.m in Sources */,
				F249B46D1A617FF7001303FB /* ELYCampsiteViewCell.m in Sources */,
				F249B4571A5F08E2001303FB /* ELYCustomViewController.m in Sources */,
				F2C545C21A642AB400116B38 /* ELYMessage.m in Sources */,
				F249B4601A5F0C83001303FB /* ELYUserInfo.m in Sources */,
				F249B47F1A627343001303FB /* ELYCampsiteInfoViewController.m in Sources */,
				F249B4AD1A627CC8001303FB /* ELYOrderListViewController.m in Sources */,
				F249B4761A62334B001303FB /* EScrollerView.m in Sources */,
				F249B4521A5F088F001303FB /* ELYCampsiteViewController.m in Sources */,
				F249B4061A5EF399001303FB /* ELYLoginViewController.m in Sources */,
				F29EE7E21A66D48E0075A306 /* ELYCampsiteReserveViewHeader.m in Sources */,
				F249B44D1A5F061A001303FB /* ELYActivityViewController.m in Sources */,
				F249B4891A62751E001303FB /* ELYActivityInfoViewController.m in Sources */,
				F249B43E1A5F0559001303FB /* ELYMainTabBarController.m in Sources */,
				F249B4841A62742C001303FB /* ELYCampsiteReserveViewController.m in Sources */,
				F249B45C1A5F090F001303FB /* ELYUserInfoViewController.m in Sources */,
				F249B49E1A62776B001303FB /* ELYUserInfoDetailViewController.m in Sources */,
				F249B4721A618029001303FB /* ELYActivityViewCell.m in Sources */,
				F249B3E11A5EDFC4001303FB /* AppDelegate.m in Sources */,
				F249B4A31A6277CD001303FB /* ELYUserInfoEditViewController.m in Sources */,
				F249B40F1A5EF3C7001303FB /* ELYIndexViewController.m in Sources */,
				F2C545BF1A6423F000116B38 /* ELYMessageTableHeader.m in Sources */,
				F249B3DE1A5EDFC4001303FB /* main.m in Sources */,
				F249B48F1A627669001303FB /* ELYCustomInfoViewController.m in Sources */,
				F249B4941A6276EC001303FB /* ELYMyFavoritesViewController.m in Sources */,
			);
			runOnlyForDeploymentPostprocessing = 0;
		};
		F249B3ED1A5EDFC4001303FB /* Sources */ = {
			isa = PBXSourcesBuildPhase;
			buildActionMask = 2147483647;
			files = (
				F249B3F81A5EDFC4001303FB /* ELYCampingTests.m in Sources */,
			);
			runOnlyForDeploymentPostprocessing = 0;
		};
/* End PBXSourcesBuildPhase section */

/* Begin PBXTargetDependency section */
		F249B3F31A5EDFC4001303FB /* PBXTargetDependency */ = {
			isa = PBXTargetDependency;
			target = F249B3D71A5EDFC4001303FB /* ELYCamping */;
			targetProxy = F249B3F21A5EDFC4001303FB /* PBXContainerItemProxy */;
		};
/* End PBXTargetDependency section */

/* Begin PBXVariantGroup section */
		F249B3E51A5EDFC4001303FB /* Main.storyboard */ = {
			isa = PBXVariantGroup;
			children = (
				F249B3E61A5EDFC4001303FB /* Base */,
			);
			name = Main.storyboard;
			sourceTree = "<group>";
		};
		F249B3EA1A5EDFC4001303FB /* LaunchScreen.xib */ = {
			isa = PBXVariantGroup;
			children = (
				F249B3EB1A5EDFC4001303FB /* Base */,
			);
			name = LaunchScreen.xib;
			sourceTree = "<group>";
		};
/* End PBXVariantGroup section */

/* Begin XCBuildConfiguration section */
		F249B3F91A5EDFC4001303FB /* Debug */ = {
			isa = XCBuildConfiguration;
			buildSettings = {
				ALWAYS_SEARCH_USER_PATHS = NO;
				CLANG_CXX_LANGUAGE_STANDARD = "gnu++0x";
				CLANG_CXX_LIBRARY = "libc++";
				CLANG_ENABLE_MODULES = YES;
				CLANG_ENABLE_OBJC_ARC = YES;
				CLANG_WARN_BOOL_CONVERSION = YES;
				CLANG_WARN_CONSTANT_CONVERSION = YES;
				CLANG_WARN_DIRECT_OBJC_ISA_USAGE = YES_ERROR;
				CLANG_WARN_EMPTY_BODY = YES;
				CLANG_WARN_ENUM_CONVERSION = YES;
				CLANG_WARN_INT_CONVERSION = YES;
				CLANG_WARN_OBJC_ROOT_CLASS = YES_ERROR;
				CLANG_WARN_UNREACHABLE_CODE = YES;
				CLANG_WARN__DUPLICATE_METHOD_MATCH = YES;
				"CODE_SIGN_IDENTITY[sdk=iphoneos*]" = "iPhone Developer";
				COPY_PHASE_STRIP = NO;
				ENABLE_STRICT_OBJC_MSGSEND = YES;
				GCC_C_LANGUAGE_STANDARD = gnu99;
				GCC_DYNAMIC_NO_PIC = NO;
				GCC_OPTIMIZATION_LEVEL = 0;
				GCC_PREPROCESSOR_DEFINITIONS = (
					"DEBUG=1",
					"$(inherited)",
				);
				GCC_SYMBOLS_PRIVATE_EXTERN = NO;
				GCC_WARN_64_TO_32_BIT_CONVERSION = YES;
				GCC_WARN_ABOUT_RETURN_TYPE = YES_ERROR;
				GCC_WARN_UNDECLARED_SELECTOR = YES;
				GCC_WARN_UNINITIALIZED_AUTOS = YES_AGGRESSIVE;
				GCC_WARN_UNUSED_FUNCTION = YES;
				GCC_WARN_UNUSED_VARIABLE = YES;
				IPHONEOS_DEPLOYMENT_TARGET = 8.1;
				MTL_ENABLE_DEBUG_INFO = YES;
				ONLY_ACTIVE_ARCH = YES;
				SDKROOT = iphoneos;
				TARGETED_DEVICE_FAMILY = "1,2";
			};
			name = Debug;
		};
		F249B3FA1A5EDFC4001303FB /* Release */ = {
			isa = XCBuildConfiguration;
			buildSettings = {
				ALWAYS_SEARCH_USER_PATHS = NO;
				CLANG_CXX_LANGUAGE_STANDARD = "gnu++0x";
				CLANG_CXX_LIBRARY = "libc++";
				CLANG_ENABLE_MODULES = YES;
				CLANG_ENABLE_OBJC_ARC = YES;
				CLANG_WARN_BOOL_CONVERSION = YES;
				CLANG_WARN_CONSTANT_CONVERSION = YES;
				CLANG_WARN_DIRECT_OBJC_ISA_USAGE = YES_ERROR;
				CLANG_WARN_EMPTY_BODY = YES;
				CLANG_WARN_ENUM_CONVERSION = YES;
				CLANG_WARN_INT_CONVERSION = YES;
				CLANG_WARN_OBJC_ROOT_CLASS = YES_ERROR;
				CLANG_WARN_UNREACHABLE_CODE = YES;
				CLANG_WARN__DUPLICATE_METHOD_MATCH = YES;
				"CODE_SIGN_IDENTITY[sdk=iphoneos*]" = "iPhone Developer";
				COPY_PHASE_STRIP = YES;
				ENABLE_NS_ASSERTIONS = NO;
				ENABLE_STRICT_OBJC_MSGSEND = YES;
				GCC_C_LANGUAGE_STANDARD = gnu99;
				GCC_WARN_64_TO_32_BIT_CONVERSION = YES;
				GCC_WARN_ABOUT_RETURN_TYPE = YES_ERROR;
				GCC_WARN_UNDECLARED_SELECTOR = YES;
				GCC_WARN_UNINITIALIZED_AUTOS = YES_AGGRESSIVE;
				GCC_WARN_UNUSED_FUNCTION = YES;
				GCC_WARN_UNUSED_VARIABLE = YES;
				IPHONEOS_DEPLOYMENT_TARGET = 8.1;
				MTL_ENABLE_DEBUG_INFO = NO;
				SDKROOT = iphoneos;
				TARGETED_DEVICE_FAMILY = "1,2";
				VALIDATE_PRODUCT = YES;
			};
			name = Release;
		};
		F249B3FC1A5EDFC4001303FB /* Debug */ = {
			isa = XCBuildConfiguration;
			buildSettings = {
				ASSETCATALOG_COMPILER_APPICON_NAME = AppIcon;
				INFOPLIST_FILE = ELYCamping/Info.plist;
				LD_RUNPATH_SEARCH_PATHS = "$(inherited) @executable_path/Frameworks";
				PRODUCT_NAME = "$(TARGET_NAME)";
			};
			name = Debug;
		};
		F249B3FD1A5EDFC4001303FB /* Release */ = {
			isa = XCBuildConfiguration;
			buildSettings = {
				ASSETCATALOG_COMPILER_APPICON_NAME = AppIcon;
				INFOPLIST_FILE = ELYCamping/Info.plist;
				LD_RUNPATH_SEARCH_PATHS = "$(inherited) @executable_path/Frameworks";
				PRODUCT_NAME = "$(TARGET_NAME)";
			};
			name = Release;
		};
		F249B3FF1A5EDFC4001303FB /* Debug */ = {
			isa = XCBuildConfiguration;
			buildSettings = {
				BUNDLE_LOADER = "$(TEST_HOST)";
				FRAMEWORK_SEARCH_PATHS = (
					"$(SDKROOT)/Developer/Library/Frameworks",
					"$(inherited)",
				);
				GCC_PREPROCESSOR_DEFINITIONS = (
					"DEBUG=1",
					"$(inherited)",
				);
				INFOPLIST_FILE = ELYCampingTests/Info.plist;
				LD_RUNPATH_SEARCH_PATHS = "$(inherited) @executable_path/Frameworks @loader_path/Frameworks";
				PRODUCT_NAME = "$(TARGET_NAME)";
				TEST_HOST = "$(BUILT_PRODUCTS_DIR)/ELYCamping.app/ELYCamping";
			};
			name = Debug;
		};
		F249B4001A5EDFC4001303FB /* Release */ = {
			isa = XCBuildConfiguration;
			buildSettings = {
				BUNDLE_LOADER = "$(TEST_HOST)";
				FRAMEWORK_SEARCH_PATHS = (
					"$(SDKROOT)/Developer/Library/Frameworks",
					"$(inherited)",
				);
				INFOPLIST_FILE = ELYCampingTests/Info.plist;
				LD_RUNPATH_SEARCH_PATHS = "$(inherited) @executable_path/Frameworks @loader_path/Frameworks";
				PRODUCT_NAME = "$(TARGET_NAME)";
				TEST_HOST = "$(BUILT_PRODUCTS_DIR)/ELYCamping.app/ELYCamping";
			};
			name = Release;
		};
/* End XCBuildConfiguration section */

/* Begin XCConfigurationList section */
		F249B3D31A5EDFC4001303FB /* Build configuration list for PBXProject "ELYCamping" */ = {
			isa = XCConfigurationList;
			buildConfigurations = (
				F249B3F91A5EDFC4001303FB /* Debug */,
				F249B3FA1A5EDFC4001303FB /* Release */,
			);
			defaultConfigurationIsVisible = 0;
			defaultConfigurationName = Release;
		};
		F249B3FB1A5EDFC4001303FB /* Build configuration list for PBXNativeTarget "ELYCamping" */ = {
			isa = XCConfigurationList;
			buildConfigurations = (
				F249B3FC1A5EDFC4001303FB /* Debug */,
				F249B3FD1A5EDFC4001303FB /* Release */,
			);
			defaultConfigurationIsVisible = 0;
			defaultConfigurationName = Release;
		};
		F249B3FE1A5EDFC4001303FB /* Build configuration list for PBXNativeTarget "ELYCampingTests" */ = {
			isa = XCConfigurationList;
			buildConfigurations = (
				F249B3FF1A5EDFC4001303FB /* Debug */,
				F249B4001A5EDFC4001303FB /* Release */,
			);
			defaultConfigurationIsVisible = 0;
			defaultConfigurationName = Release;
		};
/* End XCConfigurationList section */
	};
	rootObject = F249B3D01A5EDFC4001303FB /* Project object */;
}
