// !$*UTF8*$!
{
	archiveVersion = 1;
	classes = {
	};
	objectVersion = 46;
	objects = {

/* Begin PBXBuildFile section */
		F249B3DE1A5EDFC4001303FB /* main.m in Sources */ = {isa = PBXBuildFile; fileRef = F249B3DD1A5EDFC4001303FB /* main.m */; };
		F249B3E11A5EDFC4001303FB /* AppDelegate.m in Sources */ = {isa = PBXBuildFile; fileRef = F249B3E01A5EDFC4001303FB /* AppDelegate.m */; };
		F249B3E41A5EDFC4001303FB /* ViewController.m in Sources */ = {isa = PBXBuildFile; fileRef = F249B3E31A5EDFC4001303FB /* ViewController.m */; };
		F249B3E71A5EDFC4001303FB /* Main.storyboard in Resources */ = {isa = PBXBuildFile; fileRef = F249B3E51A5EDFC4001303FB /* Main.storyboard */; };
		F249B3E91A5EDFC4001303FB /* Images.xcassets in Resources */ = {isa = PBXBuildFile; fileRef = F249B3E81A5EDFC4001303FB /* Images.xcassets */; };
		F249B3EC1A5EDFC4001303FB /* LaunchScreen.xib in Resources */ = {isa = PBXBuildFile; fileRef = F249B3EA1A5EDFC4001303FB /* LaunchScreen.xib */; };
		F249B3F81A5EDFC4001303FB /* ELYCampingTests.m in Sources */ = {isa = PBXBuildFile; fileRef = F249B3F71A5EDFC4001303FB /* ELYCampingTests.m */; };
/* End PBXBuildFile section */

/* Begin PBXContainerItemProxy section */
		F249B3F21A5EDFC4001303FB /* PBXContainerItemProxy */ = {
			isa = PBXContainerItemProxy;
			containerPortal = F249B3D01A5EDFC4001303FB /* Project object */;
			proxyType = 1;
			remoteGlobalIDString = F249B3D71A5EDFC4001303FB;
			remoteInfo = ELYCamping;
		};
/* End PBXContainerItemProxy section */

/* Begin PBXFileReference section */
		F249B3D81A5EDFC4001303FB /* ELYCamping.app */ = {isa = PBXFileReference; explicitFileType = wrapper.application; includeInIndex = 0; path = ELYCamping.app; sourceTree = BUILT_PRODUCTS_DIR; };
		F249B3DC1A5EDFC4001303FB /* Info.plist */ = {isa = PBXFileReference; lastKnownFileType = text.plist.xml; path = Info.plist; sourceTree = "<group>"; };
		F249B3DD1A5EDFC4001303FB /* main.m */ = {isa = PBXFileReference; lastKnownFileType = sourcecode.c.objc; path = main.m; sourceTree = "<group>"; };
		F249B3DF1A5EDFC4001303FB /* AppDelegate.h */ = {isa = PBXFileReference; lastKnownFileType = sourcecode.c.h; path = AppDelegate.h; sourceTree = "<group>"; };
		F249B3E01A5EDFC4001303FB /* AppDelegate.m */ = {isa = PBXFileReference; lastKnownFileType = sourcecode.c.objc; path = AppDelegate.m; sourceTree = "<group>"; };
		F249B3E21A5EDFC4001303FB /* ViewController.h */ = {isa = PBXFileReference; lastKnownFileType = sourcecode.c.h; path = ViewController.h; sourceTree = "<group>"; };
		F249B3E31A5EDFC4001303FB /* ViewController.m */ = {isa = PBXFileReference; lastKnownFileType = sourcecode.c.objc; path = ViewController.m; sourceTree = "<group>"; };
		F249B3E61A5EDFC4001303FB /* Base */ = {isa = PBXFileReference; lastKnownFileType = file.storyboard; name = Base; path = Base.lproj/Main.storyboard; sourceTree = "<group>"; };
		F249B3E81A5EDFC4001303FB /* Images.xcassets */ = {isa = PBXFileReference; lastKnownFileType = folder.assetcatalog; path = Images.xcassets; sourceTree = "<group>"; };
		F249B3EB1A5EDFC4001303FB /* Base */ = {isa = PBXFileReference; lastKnownFileType = file.xib; name = Base; path = Base.lproj/LaunchScreen.xib; sourceTree = "<group>"; };
		F249B3F11A5EDFC4001303FB /* ELYCampingTests.xctest */ = {isa = PBXFileReference; explicitFileType = wrapper.cfbundle; includeInIndex = 0; path = ELYCampingTests.xctest; sourceTree = BUILT_PRODUCTS_DIR; };
		F249B3F61A5EDFC4001303FB /* Info.plist */ = {isa = PBXFileReference; lastKnownFileType = text.plist.xml; path = Info.plist; sourceTree = "<group>"; };
		F249B3F71A5EDFC4001303FB /* ELYCampingTests.m */ = {isa = PBXFileReference; lastKnownFileType = sourcecode.c.objc; path = ELYCampingTests.m; sourceTree = "<group>"; };
/* End PBXFileReference section */

/* Begin PBXFrameworksBuildPhase section */
		F249B3D51A5EDFC4001303FB /* Frameworks */ = {
			isa = PBXFrameworksBuildPhase;
			buildActionMask = 2147483647;
			files = (
			);
			runOnlyForDeploymentPostprocessing = 0;
		};
		F249B3EE1A5EDFC4001303FB /* Frameworks */ = {
			isa = PBXFrameworksBuildPhase;
			buildActionMask = 2147483647;
			files = (
			);
			runOnlyForDeploymentPostprocessing = 0;
		};
/* End PBXFrameworksBuildPhase section */

/* Begin PBXGroup section */
		F249B3CF1A5EDFC4001303FB = {
			isa = PBXGroup;
			children = (
				F249B3DA1A5EDFC4001303FB /* ELYCamping */,
				F249B3F41A5EDFC4001303FB /* ELYCampingTests */,
				F249B3D91A5EDFC4001303FB /* Products */,
			);
			sourceTree = "<group>";
		};
		F249B3D91A5EDFC4001303FB /* Products */ = {
			isa = PBXGroup;
			children = (
				F249B3D81A5EDFC4001303FB /* ELYCamping.app */,
				F249B3F11A5EDFC4001303FB /* ELYCampingTests.xctest */,
			);
			name = Products;
			sourceTree = "<group>";
		};
		F249B3DA1A5EDFC4001303FB /* ELYCamping */ = {
			isa = PBXGroup;
			children = (
				F249B3DF1A5EDFC4001303FB /* AppDelegate.h */,
				F249B3E01A5EDFC4001303FB /* AppDelegate.m */,
				F249B3E21A5EDFC4001303FB /* ViewController.h */,
				F249B3E31A5EDFC4001303FB /* ViewController.m */,
				F249B3E51A5EDFC4001303FB /* Main.storyboard */,
				F249B3E81A5EDFC4001303FB /* Images.xcassets */,
				F249B3EA1A5EDFC4001303FB /* LaunchScreen.xib */,
				F249B3DB1A5EDFC4001303FB /* Supporting Files */,
			);
			path = ELYCamping;
			sourceTree = "<group>";
		};
		F249B3DB1A5EDFC4001303FB /* Supporting Files */ = {
			isa = PBXGroup;
			children = (
				F249B3DC1A5EDFC4001303FB /* Info.plist */,
				F249B3DD1A5EDFC4001303FB /* main.m */,
			);
			name = "Supporting Files";
			sourceTree = "<group>";
		};
		F249B3F41A5EDFC4001303FB /* ELYCampingTests */ = {
			isa = PBXGroup;
			children = (
				F249B3F71A5EDFC4001303FB /* ELYCampingTests.m */,
				F249B3F51A5EDFC4001303FB /* Supporting Files */,
			);
			path = ELYCampingTests;
			sourceTree = "<group>";
		};
		F249B3F51A5EDFC4001303FB /* Supporting Files */ = {
			isa = PBXGroup;
			children = (
				F249B3F61A5EDFC4001303FB /* Info.plist */,
			);
			name = "Supporting Files";
			sourceTree = "<group>";
		};
/* End PBXGroup section */

/* Begin PBXNativeTarget section */
		F249B3D71A5EDFC4001303FB /* ELYCamping */ = {
			isa = PBXNativeTarget;
			buildConfigurationList = F249B3FB1A5EDFC4001303FB /* Build configuration list for PBXNativeTarget "ELYCamping" */;
			buildPhases = (
				F249B3D41A5EDFC4001303FB /* Sources */,
				F249B3D51A5EDFC4001303FB /* Frameworks */,
				F249B3D61A5EDFC4001303FB /* Resources */,
			);
			buildRules = (
			);
			dependencies = (
			);
			name = ELYCamping;
			productName = ELYCamping;
			productReference = F249B3D81A5EDFC4001303FB /* ELYCamping.app */;
			productType = "com.apple.product-type.application";
		};
		F249B3F01A5EDFC4001303FB /* ELYCampingTests */ = {
			isa = PBXNativeTarget;
			buildConfigurationList = F249B3FE1A5EDFC4001303FB /* Build configuration list for PBXNativeTarget "ELYCampingTests" */;
			buildPhases = (
				F249B3ED1A5EDFC4001303FB /* Sources */,
				F249B3EE1A5EDFC4001303FB /* Frameworks */,
				F249B3EF1A5EDFC4001303FB /* Resources */,
			);
			buildRules = (
			);
			dependencies = (
				F249B3F31A5EDFC4001303FB /* PBXTargetDependency */,
			);
			name = ELYCampingTests;
			productName = ELYCampingTests;
			productReference = F249B3F11A5EDFC4001303FB /* ELYCampingTests.xctest */;
			productType = "com.apple.product-type.bundle.unit-test";
		};
/* End PBXNativeTarget section */

/* Begin PBXProject section */
		F249B3D01A5EDFC4001303FB /* Project object */ = {
			isa = PBXProject;
			attributes = {
				LastUpgradeCheck = 0610;
				ORGANIZATIONNAME = Eluying;
				TargetAttributes = {
					F249B3D71A5EDFC4001303FB = {
						CreatedOnToolsVersion = 6.1;
					};
					F249B3F01A5EDFC4001303FB = {
						CreatedOnToolsVersion = 6.1;
						TestTargetID = F249B3D71A5EDFC4001303FB;
					};
				};
			};
			buildConfigurationList = F249B3D31A5EDFC4001303FB /* Build configuration list for PBXProject "ELYCamping" */;
			compatibilityVersion = "Xcode 3.2";
			developmentRegion = English;
			hasScannedForEncodings = 0;
			knownRegions = (
				en,
				Base,
			);
			mainGroup = F249B3CF1A5EDFC4001303FB;
			productRefGroup = F249B3D91A5EDFC4001303FB /* Products */;
			projectDirPath = "";
			projectRoot = "";
			targets = (
				F249B3D71A5EDFC4001303FB /* ELYCamping */,
				F249B3F01A5EDFC4001303FB /* ELYCampingTests */,
			);
		};
/* End PBXProject section */

/* Begin PBXResourcesBuildPhase section */
		F249B3D61A5EDFC4001303FB /* Resources */ = {
			isa = PBXResourcesBuildPhase;
			buildActionMask = 2147483647;
			files = (
				F249B3E71A5EDFC4001303FB /* Main.storyboard in Resources */,
				F249B3EC1A5EDFC4001303FB /* LaunchScreen.xib in Resources */,
				F249B3E91A5EDFC4001303FB /* Images.xcassets in Resources */,
			);
			runOnlyForDeploymentPostprocessing = 0;
		};
		F249B3EF1A5EDFC4001303FB /* Resources */ = {
			isa = PBXResourcesBuildPhase;
			buildActionMask = 2147483647;
			files = (
			);
			runOnlyForDeploymentPostprocessing = 0;
		};
/* End PBXResourcesBuildPhase section */

/* Begin PBXSourcesBuildPhase section */
		F249B3D41A5EDFC4001303FB /* Sources */ = {
			isa = PBXSourcesBuildPhase;
			buildActionMask = 2147483647;
			files = (
				F249B3E41A5EDFC4001303FB /* ViewController.m in Sources */,
				F249B3E11A5EDFC4001303FB /* AppDelegate.m in Sources */,
				F249B3DE1A5EDFC4001303FB /* main.m in Sources */,
			);
			runOnlyForDeploymentPostprocessing = 0;
		};
		F249B3ED1A5EDFC4001303FB /* Sources */ = {
			isa = PBXSourcesBuildPhase;
			buildActionMask = 2147483647;
			files = (
				F249B3F81A5EDFC4001303FB /* ELYCampingTests.m in Sources */,
			);
			runOnlyForDeploymentPostprocessing = 0;
		};
/* End PBXSourcesBuildPhase section */

/* Begin PBXTargetDependency section */
		F249B3F31A5EDFC4001303FB /* PBXTargetDependency */ = {
			isa = PBXTargetDependency;
			target = F249B3D71A5EDFC4001303FB /* ELYCamping */;
			targetProxy = F249B3F21A5EDFC4001303FB /* PBXContainerItemProxy */;
		};
/* End PBXTargetDependency section */

/* Begin PBXVariantGroup section */
		F249B3E51A5EDFC4001303FB /* Main.storyboard */ = {
			isa = PBXVariantGroup;
			children = (
				F249B3E61A5EDFC4001303FB /* Base */,
			);
			name = Main.storyboard;
			sourceTree = "<group>";
		};
		F249B3EA1A5EDFC4001303FB /* LaunchScreen.xib */ = {
			isa = PBXVariantGroup;
			children = (
				F249B3EB1A5EDFC4001303FB /* Base */,
			);
			name = LaunchScreen.xib;
			sourceTree = "<group>";
		};
/* End PBXVariantGroup section */

/* Begin XCBuildConfiguration section */
		F249B3F91A5EDFC4001303FB /* Debug */ = {
			isa = XCBuildConfiguration;
			buildSettings = {
				ALWAYS_SEARCH_USER_PATHS = NO;
				CLANG_CXX_LANGUAGE_STANDARD = "gnu++0x";
				CLANG_CXX_LIBRARY = "libc++";
				CLANG_ENABLE_MODULES = YES;
				CLANG_ENABLE_OBJC_ARC = YES;
				CLANG_WARN_BOOL_CONVERSION = YES;
				CLANG_WARN_CONSTANT_CONVERSION = YES;
				CLANG_WARN_DIRECT_OBJC_ISA_USAGE = YES_ERROR;
				CLANG_WARN_EMPTY_BODY = YES;
				CLANG_WARN_ENUM_CONVERSION = YES;
				CLANG_WARN_INT_CONVERSION = YES;
				CLANG_WARN_OBJC_ROOT_CLASS = YES_ERROR;
				CLANG_WARN_UNREACHABLE_CODE = YES;
				CLANG_WARN__DUPLICATE_METHOD_MATCH = YES;
				"CODE_SIGN_IDENTITY[sdk=iphoneos*]" = "iPhone Developer";
				COPY_PHASE_STRIP = NO;
				ENABLE_STRICT_OBJC_MSGSEND = YES;
				GCC_C_LANGUAGE_STANDARD = gnu99;
				GCC_DYNAMIC_NO_PIC = NO;
				GCC_OPTIMIZATION_LEVEL = 0;
				GCC_PREPROCESSOR_DEFINITIONS = (
					"DEBUG=1",
					"$(inherited)",
				);
				GCC_SYMBOLS_PRIVATE_EXTERN = NO;
				GCC_WARN_64_TO_32_BIT_CONVERSION = YES;
				GCC_WARN_ABOUT_RETURN_TYPE = YES_ERROR;
				GCC_WARN_UNDECLARED_SELECTOR = YES;
				GCC_WARN_UNINITIALIZED_AUTOS = YES_AGGRESSIVE;
				GCC_WARN_UNUSED_FUNCTION = YES;
				GCC_WARN_UNUSED_VARIABLE = YES;
				IPHONEOS_DEPLOYMENT_TARGET = 8.1;
				MTL_ENABLE_DEBUG_INFO = YES;
				ONLY_ACTIVE_ARCH = YES;
				SDKROOT = iphoneos;
				TARGETED_DEVICE_FAMILY = "1,2";
			};
			name = Debug;
		};
		F249B3FA1A5EDFC4001303FB /* Release */ = {
			isa = XCBuildConfiguration;
			buildSettings = {
				ALWAYS_SEARCH_USER_PATHS = NO;
				CLANG_CXX_LANGUAGE_STANDARD = "gnu++0x";
				CLANG_CXX_LIBRARY = "libc++";
				CLANG_ENABLE_MODULES = YES;
				CLANG_ENABLE_OBJC_ARC = YES;
				CLANG_WARN_BOOL_CONVERSION = YES;
				CLANG_WARN_CONSTANT_CONVERSION = YES;
				CLANG_WARN_DIRECT_OBJC_ISA_USAGE = YES_ERROR;
				CLANG_WARN_EMPTY_BODY = YES;
				CLANG_WARN_ENUM_CONVERSION = YES;
				CLANG_WARN_INT_CONVERSION = YES;
				CLANG_WARN_OBJC_ROOT_CLASS = YES_ERROR;
				CLANG_WARN_UNREACHABLE_CODE = YES;
				CLANG_WARN__DUPLICATE_METHOD_MATCH = YES;
				"CODE_SIGN_IDENTITY[sdk=iphoneos*]" = "iPhone Developer";
				COPY_PHASE_STRIP = YES;
				ENABLE_NS_ASSERTIONS = NO;
				ENABLE_STRICT_OBJC_MSGSEND = YES;
				GCC_C_LANGUAGE_STANDARD = gnu99;
				GCC_WARN_64_TO_32_BIT_CONVERSION = YES;
				GCC_WARN_ABOUT_RETURN_TYPE = YES_ERROR;
				GCC_WARN_UNDECLARED_SELECTOR = YES;
				GCC_WARN_UNINITIALIZED_AUTOS = YES_AGGRESSIVE;
				GCC_WARN_UNUSED_FUNCTION = YES;
				GCC_WARN_UNUSED_VARIABLE = YES;
				IPHONEOS_DEPLOYMENT_TARGET = 8.1;
				MTL_ENABLE_DEBUG_INFO = NO;
				SDKROOT = iphoneos;
				TARGETED_DEVICE_FAMILY = "1,2";
				VALIDATE_PRODUCT = YES;
			};
			name = Release;
		};
		F249B3FC1A5EDFC4001303FB /* Debug */ = {
			isa = XCBuildConfiguration;
			buildSettings = {
				ASSETCATALOG_COMPILER_APPICON_NAME = AppIcon;
				INFOPLIST_FILE = ELYCamping/Info.plist;
				LD_RUNPATH_SEARCH_PATHS = "$(inherited) @executable_path/Frameworks";
				PRODUCT_NAME = "$(TARGET_NAME)";
			};
			name = Debug;
		};
		F249B3FD1A5EDFC4001303FB /* Release */ = {
			isa = XCBuildConfiguration;
			buildSettings = {
				ASSETCATALOG_COMPILER_APPICON_NAME = AppIcon;
				INFOPLIST_FILE = ELYCamping/Info.plist;
				LD_RUNPATH_SEARCH_PATHS = "$(inherited) @executable_path/Frameworks";
				PRODUCT_NAME = "$(TARGET_NAME)";
			};
			name = Release;
		};
		F249B3FF1A5EDFC4001303FB /* Debug */ = {
			isa = XCBuildConfiguration;
			buildSettings = {
				BUNDLE_LOADER = "$(TEST_HOST)";
				FRAMEWORK_SEARCH_PATHS = (
					"$(SDKROOT)/Developer/Library/Frameworks",
					"$(inherited)",
				);
				GCC_PREPROCESSOR_DEFINITIONS = (
					"DEBUG=1",
					"$(inherited)",
				);
				INFOPLIST_FILE = ELYCampingTests/Info.plist;
				LD_RUNPATH_SEARCH_PATHS = "$(inherited) @executable_path/Frameworks @loader_path/Frameworks";
				PRODUCT_NAME = "$(TARGET_NAME)";
				TEST_HOST = "$(BUILT_PRODUCTS_DIR)/ELYCamping.app/ELYCamping";
			};
			name = Debug;
		};
		F249B4001A5EDFC4001303FB /* Release */ = {
			isa = XCBuildConfiguration;
			buildSettings = {
				BUNDLE_LOADER = "$(TEST_HOST)";
				FRAMEWORK_SEARCH_PATHS = (
					"$(SDKROOT)/Developer/Library/Frameworks",
					"$(inherited)",
				);
				INFOPLIST_FILE = ELYCampingTests/Info.plist;
				LD_RUNPATH_SEARCH_PATHS = "$(inherited) @executable_path/Frameworks @loader_path/Frameworks";
				PRODUCT_NAME = "$(TARGET_NAME)";
				TEST_HOST = "$(BUILT_PRODUCTS_DIR)/ELYCamping.app/ELYCamping";
			};
			name = Release;
		};
/* End XCBuildConfiguration section */

/* Begin XCConfigurationList section */
		F249B3D31A5EDFC4001303FB /* Build configuration list for PBXProject "ELYCamping" */ = {
			isa = XCConfigurationList;
			buildConfigurations = (
				F249B3F91A5EDFC4001303FB /* Debug */,
				F249B3FA1A5EDFC4001303FB /* Release */,
			);
			defaultConfigurationIsVisible = 0;
			defaultConfigurationName = Release;
		};
		F249B3FB1A5EDFC4001303FB /* Build configuration list for PBXNativeTarget "ELYCamping" */ = {
			isa = XCConfigurationList;
			buildConfigurations = (
				F249B3FC1A5EDFC4001303FB /* Debug */,
				F249B3FD1A5EDFC4001303FB /* Release */,
			);
			defaultConfigurationIsVisible = 0;
		};
		F249B3FE1A5EDFC4001303FB /* Build configuration list for PBXNativeTarget "ELYCampingTests" */ = {
			isa = XCConfigurationList;
			buildConfigurations = (
				F249B3FF1A5EDFC4001303FB /* Debug */,
				F249B4001A5EDFC4001303FB /* Release */,
			);
			defaultConfigurationIsVisible = 0;
		};
/* End XCConfigurationList section */
	};
	rootObject = F249B3D01A5EDFC4001303FB /* Project object */;
}
